
Microsoft Visual Studio Solution File, Format Version 12.00
Project("{FAE04EC0-301F-11D3-BF4B-00C04F79EFBC}") = "ITPE3200X", "ITPE3200X\ITPE3200X.csproj", "{44B4B9CE-5375-4717-8CF2-E48DD8BA6287}"
EndProject
Project("{FAE04EC0-301F-11D3-BF4B-00C04F79EFBC}") = "ITPE3200X.Tests", "ITPE3200X.Tests\ITPE3200X.Tests.csproj", "{7DF9E753-24B2-4430-907A-AD25A7C9089C}"
EndProject
Global
	GlobalSection(SolutionConfigurationPlatforms) = preSolution
		Debug|Any CPU = Debug|Any CPU
		Release|Any CPU = Release|Any CPU
	EndGlobalSection
	GlobalSection(ProjectConfigurationPlatforms) = postSolution
		{44B4B9CE-5375-4717-8CF2-E48DD8BA6287}.Debug|Any CPU.ActiveCfg = Debug|Any CPU
		{44B4B9CE-5375-4717-8CF2-E48DD8BA6287}.Debug|Any CPU.Build.0 = Debug|Any CPU
		{44B4B9CE-5375-4717-8CF2-E48DD8BA6287}.Release|Any CPU.ActiveCfg = Release|Any CPU
		{44B4B9CE-5375-4717-8CF2-E48DD8BA6287}.Release|Any CPU.Build.0 = Release|Any CPU
		{7DF9E753-24B2-4430-907A-AD25A7C9089C}.Debug|Any CPU.ActiveCfg = Debug|Any CPU
		{7DF9E753-24B2-4430-907A-AD25A7C9089C}.Debug|Any CPU.Build.0 = Debug|Any CPU
		{7DF9E753-24B2-4430-907A-AD25A7C9089C}.Release|Any CPU.ActiveCfg = Release|Any CPU
		{7DF9E753-24B2-4430-907A-AD25A7C9089C}.Release|Any CPU.Build.0 = Release|Any CPU
	EndGlobalSection
EndGlobal
